
Microsoft Visual Studio Solution File, Format Version 12.00
# Visual Studio Version 16
VisualStudioVersion = 16.0.31829.152
MinimumVisualStudioVersion = 10.0.40219.1
Project("{FAE04EC0-301F-11D3-BF4B-00C04F79EFBC}") = "11TskStruct", "11TskStruct\11TskStruct.csproj", "{77D32CAE-AE06-4959-BE36-84C97F56263D}"
EndProject
Global
	GlobalSection(SolutionConfigurationPlatforms) = preSolution
		Debug|Any CPU = Debug|Any CPU
		Release|Any CPU = Release|Any CPU
	EndGlobalSection
	GlobalSection(ProjectConfigurationPlatforms) = postSolution
		{77D32CAE-AE06-4959-BE36-84C97F56263D}.Debug|Any CPU.ActiveCfg = Debug|Any CPU
		{77D32CAE-AE06-4959-BE36-84C97F56263D}.Debug|Any CPU.Build.0 = Debug|Any CPU
		{77D32CAE-AE06-4959-BE36-84C97F56263D}.Release|Any CPU.ActiveCfg = Release|Any CPU
		{77D32CAE-AE06-4959-BE36-84C97F56263D}.Release|Any CPU.Build.0 = Release|Any CPU
	EndGlobalSection
	GlobalSection(SolutionProperties) = preSolution
		HideSolutionNode = FALSE
	EndGlobalSection
	GlobalSection(ExtensibilityGlobals) = postSolution
		SolutionGuid = {3E071022-09D0-4E86-A254-C581C69383A4}
	EndGlobalSection
EndGlobal
